
Microsoft Visual Studio Solution File, Format Version 12.00
# Visual Studio 15
Project("{FAE04EC0-301F-11D3-BF4B-00C04F79EFBC}") = "RealSense No Toolkit_Unity", "Assembly-CSharp.csproj", "{A3136B60-C1C8-C575-4766-EBD29B42376F}"
EndProject
Global
	GlobalSection(SolutionConfigurationPlatforms) = preSolution
		Debug|Any CPU = Debug|Any CPU
		Release|Any CPU = Release|Any CPU
	EndGlobalSection
	GlobalSection(ProjectConfigurationPlatforms) = postSolution
		{A3136B60-C1C8-C575-4766-EBD29B42376F}.Debug|Any CPU.ActiveCfg = Debug|Any CPU
		{A3136B60-C1C8-C575-4766-EBD29B42376F}.Debug|Any CPU.Build.0 = Debug|Any CPU
		{A3136B60-C1C8-C575-4766-EBD29B42376F}.Release|Any CPU.ActiveCfg = Release|Any CPU
		{A3136B60-C1C8-C575-4766-EBD29B42376F}.Release|Any CPU.Build.0 = Release|Any CPU
	EndGlobalSection
	GlobalSection(SolutionProperties) = preSolution
		HideSolutionNode = FALSE
	EndGlobalSection
EndGlobal
